
Microsoft Visual Studio Solution File, Format Version 12.00
# Visual Studio Version 17
VisualStudioVersion = 17.13.35931.197 d17.13
MinimumVisualStudioVersion = 10.0.40219.1
Project("{FAE04EC0-301F-11D3-BF4B-00C04F79EFBC}") = "05_loops", "05_loops.csproj", "{99FF0F60-1A6D-49BC-B4DB-DC5C16E1190C}"
EndProject
Global
	GlobalSection(SolutionConfigurationPlatforms) = preSolution
		Debug|Any CPU = Debug|Any CPU
		Release|Any CPU = Release|Any CPU
	EndGlobalSection
	GlobalSection(ProjectConfigurationPlatforms) = postSolution
		{99FF0F60-1A6D-49BC-B4DB-DC5C16E1190C}.Debug|Any CPU.ActiveCfg = Debug|Any CPU
		{99FF0F60-1A6D-49BC-B4DB-DC5C16E1190C}.Debug|Any CPU.Build.0 = Debug|Any CPU
		{99FF0F60-1A6D-49BC-B4DB-DC5C16E1190C}.Release|Any CPU.ActiveCfg = Release|Any CPU
		{99FF0F60-1A6D-49BC-B4DB-DC5C16E1190C}.Release|Any CPU.Build.0 = Release|Any CPU
	EndGlobalSection
	GlobalSection(SolutionProperties) = preSolution
		HideSolutionNode = FALSE
	EndGlobalSection
	GlobalSection(ExtensibilityGlobals) = postSolution
		SolutionGuid = {0C345333-4A1E-4D45-9528-537D0650B266}
	EndGlobalSection
EndGlobal
