
Microsoft Visual Studio Solution File, Format Version 12.00
# Visual Studio Version 17
VisualStudioVersion = 17.13.35931.197 d17.13
MinimumVisualStudioVersion = 10.0.40219.1
Project("{FAE04EC0-301F-11D3-BF4B-00C04F79EFBC}") = "04_Vetores", "04_Vetores.csproj", "{042BDC21-7C4F-4EA8-AAF4-2D621EBE6DC3}"
EndProject
Global
	GlobalSection(SolutionConfigurationPlatforms) = preSolution
		Debug|Any CPU = Debug|Any CPU
		Release|Any CPU = Release|Any CPU
	EndGlobalSection
	GlobalSection(ProjectConfigurationPlatforms) = postSolution
		{042BDC21-7C4F-4EA8-AAF4-2D621EBE6DC3}.Debug|Any CPU.ActiveCfg = Debug|Any CPU
		{042BDC21-7C4F-4EA8-AAF4-2D621EBE6DC3}.Debug|Any CPU.Build.0 = Debug|Any CPU
		{042BDC21-7C4F-4EA8-AAF4-2D621EBE6DC3}.Release|Any CPU.ActiveCfg = Release|Any CPU
		{042BDC21-7C4F-4EA8-AAF4-2D621EBE6DC3}.Release|Any CPU.Build.0 = Release|Any CPU
	EndGlobalSection
	GlobalSection(SolutionProperties) = preSolution
		HideSolutionNode = FALSE
	EndGlobalSection
	GlobalSection(ExtensibilityGlobals) = postSolution
		SolutionGuid = {563E9F21-1D8A-45CA-BCD2-F40E9E794654}
	EndGlobalSection
EndGlobal
